<?xml version="1.0" encoding="utf-8"?>
<Project ToolsVersion="4.0" xmlns="http://schemas.microsoft.com/developer/msbuild/2003">
  <ItemGroup>
    <Filter Include="Header Files">
      <UniqueIdentifier>{602e7de9-bb9a-4f99-8fcf-c0cc192b987e}</UniqueIdentifier>
    </Filter>
    <Filter Include="Source Files">
      <UniqueIdentifier>{0d15ba4f-7c99-4e74-96d0-12bcaa4056bc}</UniqueIdentifier>
    </Filter>
    <Filter Include="Resource Files">
      <UniqueIdentifier>{4f7f38fe-57b5-40e2-b8d9-2328e13496c3}</UniqueIdentifier>
    </Filter>
    <Filter Include="Shaders">
      <UniqueIdentifier>{7ac2089e-b737-4f4c-9edf-0da8a4aaaff2}</UniqueIdentifier>
    </Filter>
  </ItemGroup>
  <ItemGroup>
    <ResourceCompile Include="Resources.rc">
      <Filter>Resource Files</Filter>
    </ResourceCompile>
  </ItemGroup>
  <ItemGroup>
    <ClCompile Include="..\..\src\GLBuffer.cpp">
      <Filter>Source Files</Filter>
    </ClCompile>
    <ClCompile Include="..\..\src\GraphShell.cpp">
      <Filter>Source Files</Filter>
    </ClCompile>
    <ClCompile Include="..\..\src\StdAfx.cpp">
      <Filter>Source Files</Filter>
    </ClCompile>
    <ClCompile Include="..\..\src\LeapListener.cpp">
      <Filter>Source Files</Filter>
    </ClCompile>
    <ClCompile Include="..\..\src\Globals.cpp">
      <Filter>Source Files</Filter>
    </ClCompile>
    <ClCompile Include="..\..\src\Geometry.cpp">
      <Filter>Source Files</Filter>
    </ClCompile>
    <ClCompile Include="..\..\src\Graph.cpp">
      <Filter>Source Files</Filter>
    </ClCompile>
  </ItemGroup>
  <ItemGroup>
    <ClInclude Include="..\..\include\DataTypes.h">
      <Filter>Header Files</Filter>
    </ClInclude>
    <ClInclude Include="..\..\include\GLBuffer.h">
      <Filter>Header Files</Filter>
    </ClInclude>
    <ClInclude Include="..\..\include\Globals.h">
      <Filter>Header Files</Filter>
    </ClInclude>
    <ClInclude Include="..\..\include\Resources.h">
      <Filter>Header Files</Filter>
    </ClInclude>
    <ClInclude Include="..\..\include\StdAfx.h">
      <Filter>Header Files</Filter>
    </ClInclude>
    <ClInclude Include="..\..\include\Utilities.h">
      <Filter>Header Files</Filter>
    </ClInclude>
    <ClInclude Include="..\..\include\GraphShell.h">
      <Filter>Header Files</Filter>
    </ClInclude>
    <ClInclude Include="..\..\include\LeapListener.h">
      <Filter>Header Files</Filter>
    </ClInclude>
    <ClInclude Include="..\..\include\Geometry.h">
      <Filter>Header Files</Filter>
    </ClInclude>
    <ClInclude Include="..\..\include\Graph.h">
      <Filter>Header Files</Filter>
    </ClInclude>
  </ItemGroup>
  <ItemGroup>
    <None Include="..\..\resources\shaders\material-frag.glsl">
      <Filter>Shaders</Filter>
    </None>
    <None Include="..\..\resources\shaders\material-vert.glsl">
      <Filter>Shaders</Filter>
    </None>
    <None Include="..\..\resources\shaders\passthrough-vert.glsl">
      <Filter>Shaders</Filter>
    </None>
    <None Include="..\..\resources\shaders\screen-frag.glsl">
      <Filter>Shaders</Filter>
    </None>
    <None Include="..\..\resources\nbodyf.glsl">
      <Filter>Shaders</Filter>
    </None>
    <None Include="..\..\resources\nbodyv.glsl">
      <Filter>Shaders</Filter>
    </None>
    <None Include="..\..\resources\draw_edgesf.glsl">
      <Filter>Shaders</Filter>
    </None>
    <None Include="..\..\resources\draw_edgesv.glsl">
      <Filter>Shaders</Filter>
    </None>
    <None Include="..\..\resources\draw_verticesf.glsl">
      <Filter>Shaders</Filter>
    </None>
    <None Include="..\..\resources\draw_verticesv.glsl">
      <Filter>Shaders</Filter>
    </None>
    <None Include="..\..\resources\edge_forcef.glsl">
      <Filter>Shaders</Filter>
    </None>
    <None Include="..\..\resources\edge_forcev.glsl">
      <Filter>Shaders</Filter>
    </None>
    <None Include="..\..\resources\initial_posf.glsl">
      <Filter>Shaders</Filter>
    </None>
    <None Include="..\..\resources\initial_posv.glsl">
      <Filter>Shaders</Filter>
    </None>
  </ItemGroup>
</Project>